{
    "_readme": [
        "This file locks the dependencies of your project to a known state",
        "Read more about it at https://getcomposer.org/doc/01-basic-usage.md#installing-dependencies",
        "This file is @generated automatically"
    ],
    "content-hash": "c60acceb33bd288210cb07579d5a123d",
    "packages": [
        {
            "name": "millionmile/get_env",
            "version": "v1.0.0",
            "source": {
                "type": "git",
                "url": "https://gitee.com/millionmile/get_env.git",
                "reference": "5a1c3e1a8fd98d741668f0ce8fec310952de9c7c"
            },
            "require": {
                "php": ">=7.0"
            },
            "type": "library",
            "autoload": {
                "psr-4": {
                    "MillionMile\\GetEnv\\": "src/"
                }
            },
            "notification-url": "https://packagist.org/downloads/",
            "license": [
                "MIT"
            ],
            "authors": [
                {
                    "name": "萬里",
                    "email": "810185932@qq.com"
                }
            ],
            "time": "2020-10-15T08:29:26+00:00"
        }
    ],
    "packages-dev": [],
    "aliases": [],
    "minimum-stability": "stable",
    "stability-flags": [],
    "prefer-stable": false,
    "prefer-lowest": false,
    "platform": {
        "php": ">=5.5.0",
        "ext-xml": "*",
        "ext-ctype": "*",
        "ext-pdo": "*"
    },
    "platform-dev": [],
    "plugin-api-version": "2.3.0"
}
